
Microsoft Visual Studio Solution File, Format Version 11.00
# Visual Studio 2010
Project("{FAE04EC0-301F-11D3-BF4B-00C04F79EFBC}") = "Assembly-CSharp", "Assembly-CSharp.csproj", "{4979F133-7402-976C-93EC-AEF43E4AFB64}"
EndProject
Project("{FAE04EC0-301F-11D3-BF4B-00C04F79EFBC}") = "Assembly-CSharp-firstpass", "Assembly-CSharp-firstpass.csproj", "{7C17BAC6-7EC4-AED2-9844-44207650ACB4}"
EndProject
Project("{FAE04EC0-301F-11D3-BF4B-00C04F79EFBC}") = "Assembly-CSharp-Editor", "Assembly-CSharp-Editor.csproj", "{24D1B781-8D4C-18E9-537B-8FB9538CCFD4}"
EndProject
Global
	GlobalSection(SolutionConfigurationPlatforms) = preSolution
		Debug|Any CPU = Debug|Any CPU
		Release|Any CPU = Release|Any CPU
	EndGlobalSection
	GlobalSection(ProjectConfigurationPlatforms) = postSolution
		{4979F133-7402-976C-93EC-AEF43E4AFB64}.Debug|Any CPU.ActiveCfg = Debug|Any CPU
		{4979F133-7402-976C-93EC-AEF43E4AFB64}.Debug|Any CPU.Build.0 = Debug|Any CPU
		{4979F133-7402-976C-93EC-AEF43E4AFB64}.Release|Any CPU.ActiveCfg = Release|Any CPU
		{4979F133-7402-976C-93EC-AEF43E4AFB64}.Release|Any CPU.Build.0 = Release|Any CPU
		{7C17BAC6-7EC4-AED2-9844-44207650ACB4}.Debug|Any CPU.ActiveCfg = Debug|Any CPU
		{7C17BAC6-7EC4-AED2-9844-44207650ACB4}.Debug|Any CPU.Build.0 = Debug|Any CPU
		{7C17BAC6-7EC4-AED2-9844-44207650ACB4}.Release|Any CPU.ActiveCfg = Release|Any CPU
		{7C17BAC6-7EC4-AED2-9844-44207650ACB4}.Release|Any CPU.Build.0 = Release|Any CPU
		{24D1B781-8D4C-18E9-537B-8FB9538CCFD4}.Debug|Any CPU.ActiveCfg = Debug|Any CPU
		{24D1B781-8D4C-18E9-537B-8FB9538CCFD4}.Debug|Any CPU.Build.0 = Debug|Any CPU
		{24D1B781-8D4C-18E9-537B-8FB9538CCFD4}.Release|Any CPU.ActiveCfg = Release|Any CPU
		{24D1B781-8D4C-18E9-537B-8FB9538CCFD4}.Release|Any CPU.Build.0 = Release|Any CPU
	EndGlobalSection
	GlobalSection(SolutionProperties) = preSolution
		HideSolutionNode = FALSE
	EndGlobalSection
EndGlobal
